
Microsoft Visual Studio Solution File, Format Version 12.00
# Visual Studio Version 17
VisualStudioVersion = 17.5.33530.505
MinimumVisualStudioVersion = 10.0.40219.1
Project("{FAE04EC0-301F-11D3-BF4B-00C04F79EFBC}") = "CPW211-EasyAppointmentManager", "CPW211-EasyAppointmentManager\CPW211-EasyAppointmentManager.csproj", "{CFFE84C3-3FB4-44CF-A5A6-18BA1C370843}"
EndProject
Global
	GlobalSection(SolutionConfigurationPlatforms) = preSolution
		Debug|Any CPU = Debug|Any CPU
		Release|Any CPU = Release|Any CPU
	EndGlobalSection
	GlobalSection(ProjectConfigurationPlatforms) = postSolution
		{CFFE84C3-3FB4-44CF-A5A6-18BA1C370843}.Debug|Any CPU.ActiveCfg = Debug|Any CPU
		{CFFE84C3-3FB4-44CF-A5A6-18BA1C370843}.Debug|Any CPU.Build.0 = Debug|Any CPU
		{CFFE84C3-3FB4-44CF-A5A6-18BA1C370843}.Release|Any CPU.ActiveCfg = Release|Any CPU
		{CFFE84C3-3FB4-44CF-A5A6-18BA1C370843}.Release|Any CPU.Build.0 = Release|Any CPU
	EndGlobalSection
	GlobalSection(SolutionProperties) = preSolution
		HideSolutionNode = FALSE
	EndGlobalSection
	GlobalSection(ExtensibilityGlobals) = postSolution
		SolutionGuid = {775D4DA0-2233-4FFF-A192-4E75FFDC47D6}
	EndGlobalSection
EndGlobal
